// !$*UTF8*$!
{
	archiveVersion = 1;
	classes = {
	};
	objectVersion = 50;
	objects = {

/* Begin PBXBuildFile section */
		D6718ACF217715D6005653F0 /* AppDelegate.swift in Sources */ = {isa = PBXBuildFile; fileRef = D6718ACE217715D6005653F0 /* AppDelegate.swift */; };
		D6718AD1217715D6005653F0 /* ViewController.swift in Sources */ = {isa = PBXBuildFile; fileRef = D6718AD0217715D6005653F0 /* ViewController.swift */; };
		D6718AD4217715D6005653F0 /* Main.storyboard in Resources */ = {isa = PBXBuildFile; fileRef = D6718AD2217715D6005653F0 /* Main.storyboard */; };
		D6718AD6217715D8005653F0 /* Assets.xcassets in Resources */ = {isa = PBXBuildFile; fileRef = D6718AD5217715D8005653F0 /* Assets.xcassets */; };
		D6718AD9217715D8005653F0 /* LaunchScreen.storyboard in Resources */ = {isa = PBXBuildFile; fileRef = D6718AD7217715D8005653F0 /* LaunchScreen.storyboard */; };
		D6718AE3217715E8005653F0 /* LICENSE in Resources */ = {isa = PBXBuildFile; fileRef = D6718AE0217715E8005653F0 /* LICENSE */; };
		D6718AE4217715E8005653F0 /* XYZColor.podspec in Resources */ = {isa = PBXBuildFile; fileRef = D6718AE1217715E8005653F0 /* XYZColor.podspec */; };
		D6718AE5217715E8005653F0 /* README.md in Resources */ = {isa = PBXBuildFile; fileRef = D6718AE2217715E8005653F0 /* README.md */; };
		D6718AE72177164C005653F0 /* XYZColor.swift in Sources */ = {isa = PBXBuildFile; fileRef = D6718AE62177164C005653F0 /* XYZColor.swift */; };
/* End PBXBuildFile section */

/* Begin PBXFileReference section */
		D6718ACB217715D6005653F0 /* XYZColor.app */ = {isa = PBXFileReference; explicitFileType = wrapper.application; includeInIndex = 0; path = XYZColor.app; sourceTree = BUILT_PRODUCTS_DIR; };
		D6718ACE217715D6005653F0 /* AppDelegate.swift */ = {isa = PBXFileReference; lastKnownFileType = sourcecode.swift; path = AppDelegate.swift; sourceTree = "<group>"; };
		D6718AD0217715D6005653F0 /* ViewController.swift */ = {isa = PBXFileReference; lastKnownFileType = sourcecode.swift; path = ViewController.swift; sourceTree = "<group>"; };
		D6718AD3217715D6005653F0 /* Base */ = {isa = PBXFileReference; lastKnownFileType = file.storyboard; name = Base; path = Base.lproj/Main.storyboard; sourceTree = "<group>"; };
		D6718AD5217715D8005653F0 /* Assets.xcassets */ = {isa = PBXFileReference; lastKnownFileType = folder.assetcatalog; path = Assets.xcassets; sourceTree = "<group>"; };
		D6718AD8217715D8005653F0 /* Base */ = {isa = PBXFileReference; lastKnownFileType = file.storyboard; name = Base; path = Base.lproj/LaunchScreen.storyboard; sourceTree = "<group>"; };
		D6718ADA217715D8005653F0 /* Info.plist */ = {isa = PBXFileReference; lastKnownFileType = text.plist.xml; path = Info.plist; sourceTree = "<group>"; };
		D6718AE0217715E8005653F0 /* LICENSE */ = {isa = PBXFileReference; fileEncoding = 4; lastKnownFileType = text; path = LICENSE; sourceTree = "<group>"; };
		D6718AE1217715E8005653F0 /* XYZColor.podspec */ = {isa = PBXFileReference; fileEncoding = 4; lastKnownFileType = text; path = XYZColor.podspec; sourceTree = "<group>"; };
		D6718AE2217715E8005653F0 /* README.md */ = {isa = PBXFileReference; fileEncoding = 4; lastKnownFileType = net.daringfireball.markdown; path = README.md; sourceTree = "<group>"; };
		D6718AE62177164C005653F0 /* XYZColor.swift */ = {isa = PBXFileReference; fileEncoding = 4; lastKnownFileType = sourcecode.swift; path = XYZColor.swift; sourceTree = "<group>"; };
/* End PBXFileReference section */

/* Begin PBXFrameworksBuildPhase section */
		D6718AC8217715D6005653F0 /* Frameworks */ = {
			isa = PBXFrameworksBuildPhase;
			buildActionMask = 2147483647;
			files = (
			);
			runOnlyForDeploymentPostprocessing = 0;
		};
/* End PBXFrameworksBuildPhase section */

/* Begin PBXGroup section */
		D63458C421CC6D3000A2C007 /* Source */ = {
			isa = PBXGroup;
			children = (
				D6718AE62177164C005653F0 /* XYZColor.swift */,
			);
			path = Source;
			sourceTree = "<group>";
		};
		D6718AC2217715D6005653F0 = {
			isa = PBXGroup;
			children = (
				D6718AE0217715E8005653F0 /* LICENSE */,
				D6718AE2217715E8005653F0 /* README.md */,
				D6718AE1217715E8005653F0 /* XYZColor.podspec */,
				D6718ACD217715D6005653F0 /* XYZColor */,
				D6718ACC217715D6005653F0 /* Products */,
			);
			sourceTree = "<group>";
		};
		D6718ACC217715D6005653F0 /* Products */ = {
			isa = PBXGroup;
			children = (
				D6718ACB217715D6005653F0 /* XYZColor.app */,
			);
			name = Products;
			sourceTree = "<group>";
		};
		D6718ACD217715D6005653F0 /* XYZColor */ = {
			isa = PBXGroup;
			children = (
				D63458C421CC6D3000A2C007 /* Source */,
				D6718ACE217715D6005653F0 /* AppDelegate.swift */,
				D6718AD0217715D6005653F0 /* ViewController.swift */,
				D6718AD2217715D6005653F0 /* Main.storyboard */,
				D6718AD5217715D8005653F0 /* Assets.xcassets */,
				D6718AD7217715D8005653F0 /* LaunchScreen.storyboard */,
				D6718ADA217715D8005653F0 /* Info.plist */,
			);
			path = XYZColor;
			sourceTree = "<group>";
		};
/* End PBXGroup section */

/* Begin PBXNativeTarget section */
		D6718ACA217715D6005653F0 /* XYZColor */ = {
			isa = PBXNativeTarget;
			buildConfigurationList = D6718ADD217715D8005653F0 /* Build configuration list for PBXNativeTarget "XYZColor" */;
			buildPhases = (
				D6718AC7217715D6005653F0 /* Sources */,
				D6718AC8217715D6005653F0 /* Frameworks */,
				D6718AC9217715D6005653F0 /* Resources */,
			);
			buildRules = (
			);
			dependencies = (
			);
			name = XYZColor;
			productName = XYZColor;
			productReference = D6718ACB217715D6005653F0 /* XYZColor.app */;
			productType = "com.apple.product-type.application";
		};
/* End PBXNativeTarget section */

/* Begin PBXProject section */
		D6718AC3217715D6005653F0 /* Project object */ = {
			isa = PBXProject;
			attributes = {
				LastSwiftUpdateCheck = 1000;
				LastUpgradeCheck = 1000;
				ORGANIZATIONNAME = "张子豪";
				TargetAttributes = {
					D6718ACA217715D6005653F0 = {
						CreatedOnToolsVersion = 10.0;
					};
				};
			};
			buildConfigurationList = D6718AC6217715D6005653F0 /* Build configuration list for PBXProject "XYZColor" */;
			compatibilityVersion = "Xcode 9.3";
			developmentRegion = en;
			hasScannedForEncodings = 0;
			knownRegions = (
				en,
				Base,
			);
			mainGroup = D6718AC2217715D6005653F0;
			productRefGroup = D6718ACC217715D6005653F0 /* Products */;
			projectDirPath = "";
			projectRoot = "";
			targets = (
				D6718ACA217715D6005653F0 /* XYZColor */,
			);
		};
/* End PBXProject section */

/* Begin PBXResourcesBuildPhase section */
		D6718AC9217715D6005653F0 /* Resources */ = {
			isa = PBXResourcesBuildPhase;
			buildActionMask = 2147483647;
			files = (
				D6718AE5217715E8005653F0 /* README.md in Resources */,
				D6718AD9217715D8005653F0 /* LaunchScreen.storyboard in Resources */,
				D6718AE4217715E8005653F0 /* XYZColor.podspec in Resources */,
				D6718AD6217715D8005653F0 /* Assets.xcassets in Resources */,
				D6718AE3217715E8005653F0 /* LICENSE in Resources */,
				D6718AD4217715D6005653F0 /* Main.storyboard in Resources */,
			);
			runOnlyForDeploymentPostprocessing = 0;
		};
/* End PBXResourcesBuildPhase section */

/* Begin PBXSourcesBuildPhase section */
		D6718AC7217715D6005653F0 /* Sources */ = {
			isa = PBXSourcesBuildPhase;
			buildActionMask = 2147483647;
			files = (
				D6718AE72177164C005653F0 /* XYZColor.swift in Sources */,
				D6718AD1217715D6005653F0 /* ViewController.swift in Sources */,
				D6718ACF217715D6005653F0 /* AppDelegate.swift in Sources */,
			);
			runOnlyForDeploymentPostprocessing = 0;
		};
/* End PBXSourcesBuildPhase section */

/* Begin PBXVariantGroup section */
		D6718AD2217715D6005653F0 /* Main.storyboard */ = {
			isa = PBXVariantGroup;
			children = (
				D6718AD3217715D6005653F0 /* Base */,
			);
			name = Main.storyboard;
			sourceTree = "<group>";
		};
		D6718AD7217715D8005653F0 /* LaunchScreen.storyboard */ = {
			isa = PBXVariantGroup;
			children = (
				D6718AD8217715D8005653F0 /* Base */,
			);
			name = LaunchScreen.storyboard;
			sourceTree = "<group>";
		};
/* End PBXVariantGroup section */

/* Begin XCBuildConfiguration section */
		D6718ADB217715D8005653F0 /* Debug */ = {
			isa = XCBuildConfiguration;
			buildSettings = {
				ALWAYS_SEARCH_USER_PATHS = NO;
				CLANG_ANALYZER_NONNULL = YES;
				CLANG_ANALYZER_NUMBER_OBJECT_CONVERSION = YES_AGGRESSIVE;
				CLANG_CXX_LANGUAGE_STANDARD = "gnu++14";
				CLANG_CXX_LIBRARY = "libc++";
				CLANG_ENABLE_MODULES = YES;
				CLANG_ENABLE_OBJC_ARC = YES;
				CLANG_ENABLE_OBJC_WEAK = YES;
				CLANG_WARN_BLOCK_CAPTURE_AUTORELEASING = YES;
				CLANG_WARN_BOOL_CONVERSION = YES;
				CLANG_WARN_COMMA = YES;
				CLANG_WARN_CONSTANT_CONVERSION = YES;
				CLANG_WARN_DEPRECATED_OBJC_IMPLEMENTATIONS = YES;
				CLANG_WARN_DIRECT_OBJC_ISA_USAGE = YES_ERROR;
				CLANG_WARN_DOCUMENTATION_COMMENTS = YES;
				CLANG_WARN_EMPTY_BODY = YES;
				CLANG_WARN_ENUM_CONVERSION = YES;
				CLANG_WARN_INFINITE_RECURSION = YES;
				CLANG_WARN_INT_CONVERSION = YES;
				CLANG_WARN_NON_LITERAL_NULL_CONVERSION = YES;
				CLANG_WARN_OBJC_IMPLICIT_RETAIN_SELF = YES;
				CLANG_WARN_OBJC_LITERAL_CONVERSION = YES;
				CLANG_WARN_OBJC_ROOT_CLASS = YES_ERROR;
				CLANG_WARN_RANGE_LOOP_ANALYSIS = YES;
				CLANG_WARN_STRICT_PROTOTYPES = YES;
				CLANG_WARN_SUSPICIOUS_MOVE = YES;
				CLANG_WARN_UNGUARDED_AVAILABILITY = YES_AGGRESSIVE;
				CLANG_WARN_UNREACHABLE_CODE = YES;
				CLANG_WARN__DUPLICATE_METHOD_MATCH = YES;
				CODE_SIGN_IDENTITY = "iPhone Developer";
				COPY_PHASE_STRIP = NO;
				DEBUG_INFORMATION_FORMAT = dwarf;
				ENABLE_STRICT_OBJC_MSGSEND = YES;
				ENABLE_TESTABILITY = YES;
				GCC_C_LANGUAGE_STANDARD = gnu11;
				GCC_DYNAMIC_NO_PIC = NO;
				GCC_NO_COMMON_BLOCKS = YES;
				GCC_OPTIMIZATION_LEVEL = 0;
				GCC_PREPROCESSOR_DEFINITIONS = (
					"DEBUG=1",
					"$(inherited)",
				);
				GCC_WARN_64_TO_32_BIT_CONVERSION = YES;
				GCC_WARN_ABOUT_RETURN_TYPE = YES_ERROR;
				GCC_WARN_UNDECLARED_SELECTOR = YES;
				GCC_WARN_UNINITIALIZED_AUTOS = YES_AGGRESSIVE;
				GCC_WARN_UNUSED_FUNCTION = YES;
				GCC_WARN_UNUSED_VARIABLE = YES;
				IPHONEOS_DEPLOYMENT_TARGET = 12.0;
				MTL_ENABLE_DEBUG_INFO = INCLUDE_SOURCE;
				MTL_FAST_MATH = YES;
				ONLY_ACTIVE_ARCH = YES;
				SDKROOT = iphoneos;
				SWIFT_ACTIVE_COMPILATION_CONDITIONS = DEBUG;
				SWIFT_OPTIMIZATION_LEVEL = "-Onone";
			};
			name = Debug;
		};
		D6718ADC217715D8005653F0 /* Release */ = {
			isa = XCBuildConfiguration;
			buildSettings = {
				ALWAYS_SEARCH_USER_PATHS = NO;
				CLANG_ANALYZER_NONNULL = YES;
				CLANG_ANALYZER_NUMBER_OBJECT_CONVERSION = YES_AGGRESSIVE;
				CLANG_CXX_LANGUAGE_STANDARD = "gnu++14";
				CLANG_CXX_LIBRARY = "libc++";
				CLANG_ENABLE_MODULES = YES;
				CLANG_ENABLE_OBJC_ARC = YES;
				CLANG_ENABLE_OBJC_WEAK = YES;
				CLANG_WARN_BLOCK_CAPTURE_AUTORELEASING = YES;
				CLANG_WARN_BOOL_CONVERSION = YES;
				CLANG_WARN_COMMA = YES;
				CLANG_WARN_CONSTANT_CONVERSION = YES;
				CLANG_WARN_DEPRECATED_OBJC_IMPLEMENTATIONS = YES;
				CLANG_WARN_DIRECT_OBJC_ISA_USAGE = YES_ERROR;
				CLANG_WARN_DOCUMENTATION_COMMENTS = YES;
				CLANG_WARN_EMPTY_BODY = YES;
				CLANG_WARN_ENUM_CONVERSION = YES;
				CLANG_WARN_INFINITE_RECURSION = YES;
				CLANG_WARN_INT_CONVERSION = YES;
				CLANG_WARN_NON_LITERAL_NULL_CONVERSION = YES;
				CLANG_WARN_OBJC_IMPLICIT_RETAIN_SELF = YES;
				CLANG_WARN_OBJC_LITERAL_CONVERSION = YES;
				CLANG_WARN_OBJC_ROOT_CLASS = YES_ERROR;
				CLANG_WARN_RANGE_LOOP_ANALYSIS = YES;
				CLANG_WARN_STRICT_PROTOTYPES = YES;
				CLANG_WARN_SUSPICIOUS_MOVE = YES;
				CLANG_WARN_UNGUARDED_AVAILABILITY = YES_AGGRESSIVE;
				CLANG_WARN_UNREACHABLE_CODE = YES;
				CLANG_WARN__DUPLICATE_METHOD_MATCH = YES;
				CODE_SIGN_IDENTITY = "iPhone Developer";
				COPY_PHASE_STRIP = NO;
				DEBUG_INFORMATION_FORMAT = "dwarf-with-dsym";
				ENABLE_NS_ASSERTIONS = NO;
				ENABLE_STRICT_OBJC_MSGSEND = YES;
				GCC_C_LANGUAGE_STANDARD = gnu11;
				GCC_NO_COMMON_BLOCKS = YES;
				GCC_WARN_64_TO_32_BIT_CONVERSION = YES;
				GCC_WARN_ABOUT_RETURN_TYPE = YES_ERROR;
				GCC_WARN_UNDECLARED_SELECTOR = YES;
				GCC_WARN_UNINITIALIZED_AUTOS = YES_AGGRESSIVE;
				GCC_WARN_UNUSED_FUNCTION = YES;
				GCC_WARN_UNUSED_VARIABLE = YES;
				IPHONEOS_DEPLOYMENT_TARGET = 12.0;
				MTL_ENABLE_DEBUG_INFO = NO;
				MTL_FAST_MATH = YES;
				SDKROOT = iphoneos;
				SWIFT_COMPILATION_MODE = wholemodule;
				SWIFT_OPTIMIZATION_LEVEL = "-O";
				VALIDATE_PRODUCT = YES;
			};
			name = Release;
		};
		D6718ADE217715D8005653F0 /* Debug */ = {
			isa = XCBuildConfiguration;
			buildSettings = {
				ASSETCATALOG_COMPILER_APPICON_NAME = AppIcon;
				CODE_SIGN_STYLE = Automatic;
				DEVELOPMENT_TEAM = E5VG453CHM;
				INFOPLIST_FILE = "$(SRCROOT)/XYZColor/Info.plist";
				IPHONEOS_DEPLOYMENT_TARGET = 10.1;
				LD_RUNPATH_SEARCH_PATHS = (
					"$(inherited)",
					"@executable_path/Frameworks",
				);
				PRODUCT_BUNDLE_IDENTIFIER = com.zhangqian.XYZColor;
				PRODUCT_NAME = "$(TARGET_NAME)";
				SWIFT_VERSION = 4.2;
				TARGETED_DEVICE_FAMILY = "1,2";
			};
			name = Debug;
		};
		D6718ADF217715D8005653F0 /* Release */ = {
			isa = XCBuildConfiguration;
			buildSettings = {
				ASSETCATALOG_COMPILER_APPICON_NAME = AppIcon;
				CODE_SIGN_STYLE = Automatic;
				DEVELOPMENT_TEAM = E5VG453CHM;
				INFOPLIST_FILE = "$(SRCROOT)/XYZColor/Info.plist";
				IPHONEOS_DEPLOYMENT_TARGET = 10.1;
				LD_RUNPATH_SEARCH_PATHS = (
					"$(inherited)",
					"@executable_path/Frameworks",
				);
				PRODUCT_BUNDLE_IDENTIFIER = com.zhangqian.XYZColor;
				PRODUCT_NAME = "$(TARGET_NAME)";
				SWIFT_VERSION = 4.2;
				TARGETED_DEVICE_FAMILY = "1,2";
			};
			name = Release;
		};
/* End XCBuildConfiguration section */

/* Begin XCConfigurationList section */
		D6718AC6217715D6005653F0 /* Build configuration list for PBXProject "XYZColor" */ = {
			isa = XCConfigurationList;
			buildConfigurations = (
				D6718ADB217715D8005653F0 /* Debug */,
				D6718ADC217715D8005653F0 /* Release */,
			);
			defaultConfigurationIsVisible = 0;
			defaultConfigurationName = Release;
		};
		D6718ADD217715D8005653F0 /* Build configuration list for PBXNativeTarget "XYZColor" */ = {
			isa = XCConfigurationList;
			buildConfigurations = (
				D6718ADE217715D8005653F0 /* Debug */,
				D6718ADF217715D8005653F0 /* Release */,
			);
			defaultConfigurationIsVisible = 0;
			defaultConfigurationName = Release;
		};
/* End XCConfigurationList section */
	};
	rootObject = D6718AC3217715D6005653F0 /* Project object */;
}
