// !$*UTF8*$!
{
	archiveVersion = 1;
	classes = {
	};
	objectVersion = 50;
	objects = {

/* Begin PBXBuildFile section */
		D659160621317C2D0011F72B /* AppDelegate.swift in Sources */ = {isa = PBXBuildFile; fileRef = D659160521317C2D0011F72B /* AppDelegate.swift */; };
		D659160B21317C2D0011F72B /* Main.storyboard in Resources */ = {isa = PBXBuildFile; fileRef = D659160921317C2D0011F72B /* Main.storyboard */; };
		D659160D21317C2F0011F72B /* Assets.xcassets in Resources */ = {isa = PBXBuildFile; fileRef = D659160C21317C2F0011F72B /* Assets.xcassets */; };
		D659161021317C2F0011F72B /* LaunchScreen.storyboard in Resources */ = {isa = PBXBuildFile; fileRef = D659160E21317C2F0011F72B /* LaunchScreen.storyboard */; };
		D659161821317C4B0011F72B /* XYZColor.swift in Sources */ = {isa = PBXBuildFile; fileRef = D659161721317C4B0011F72B /* XYZColor.swift */; };
		D659161B21317C960011F72B /* LICENSE in Resources */ = {isa = PBXBuildFile; fileRef = D659161921317C960011F72B /* LICENSE */; };
		D659161C21317C960011F72B /* README.md in Resources */ = {isa = PBXBuildFile; fileRef = D659161A21317C960011F72B /* README.md */; };
		D659161E21317C990011F72B /* XYZColor.podspec in Resources */ = {isa = PBXBuildFile; fileRef = D659161D21317C990011F72B /* XYZColor.podspec */; };
/* End PBXBuildFile section */

/* Begin PBXFileReference section */
		D659160221317C2D0011F72B /* XYZColor.app */ = {isa = PBXFileReference; explicitFileType = wrapper.application; includeInIndex = 0; path = XYZColor.app; sourceTree = BUILT_PRODUCTS_DIR; };
		D659160521317C2D0011F72B /* AppDelegate.swift */ = {isa = PBXFileReference; lastKnownFileType = sourcecode.swift; path = AppDelegate.swift; sourceTree = "<group>"; };
		D659160A21317C2D0011F72B /* Base */ = {isa = PBXFileReference; lastKnownFileType = file.storyboard; name = Base; path = Base.lproj/Main.storyboard; sourceTree = "<group>"; };
		D659160C21317C2F0011F72B /* Assets.xcassets */ = {isa = PBXFileReference; lastKnownFileType = folder.assetcatalog; path = Assets.xcassets; sourceTree = "<group>"; };
		D659160F21317C2F0011F72B /* Base */ = {isa = PBXFileReference; lastKnownFileType = file.storyboard; name = Base; path = Base.lproj/LaunchScreen.storyboard; sourceTree = "<group>"; };
		D659161121317C2F0011F72B /* Info.plist */ = {isa = PBXFileReference; lastKnownFileType = text.plist.xml; path = Info.plist; sourceTree = "<group>"; };
		D659161721317C4B0011F72B /* XYZColor.swift */ = {isa = PBXFileReference; lastKnownFileType = sourcecode.swift; path = XYZColor.swift; sourceTree = "<group>"; };
		D659161921317C960011F72B /* LICENSE */ = {isa = PBXFileReference; fileEncoding = 4; lastKnownFileType = text; path = LICENSE; sourceTree = "<group>"; };
		D659161A21317C960011F72B /* README.md */ = {isa = PBXFileReference; fileEncoding = 4; lastKnownFileType = net.daringfireball.markdown; path = README.md; sourceTree = "<group>"; };
		D659161D21317C990011F72B /* XYZColor.podspec */ = {isa = PBXFileReference; fileEncoding = 4; lastKnownFileType = text; path = XYZColor.podspec; sourceTree = "<group>"; };
/* End PBXFileReference section */

/* Begin PBXFrameworksBuildPhase section */
		D65915FF21317C2D0011F72B /* Frameworks */ = {
			isa = PBXFrameworksBuildPhase;
			buildActionMask = 2147483647;
			files = (
			);
			runOnlyForDeploymentPostprocessing = 0;
		};
/* End PBXFrameworksBuildPhase section */

/* Begin PBXGroup section */
		D65915F921317C2D0011F72B = {
			isa = PBXGroup;
			children = (
				D659161921317C960011F72B /* LICENSE */,
				D659161A21317C960011F72B /* README.md */,
				D659161D21317C990011F72B /* XYZColor.podspec */,
				D659160421317C2D0011F72B /* XYZColor */,
				D659160321317C2D0011F72B /* Products */,
			);
			sourceTree = "<group>";
		};
		D659160321317C2D0011F72B /* Products */ = {
			isa = PBXGroup;
			children = (
				D659160221317C2D0011F72B /* XYZColor.app */,
			);
			name = Products;
			sourceTree = "<group>";
		};
		D659160421317C2D0011F72B /* XYZColor */ = {
			isa = PBXGroup;
			children = (
				D659160521317C2D0011F72B /* AppDelegate.swift */,
				D659160921317C2D0011F72B /* Main.storyboard */,
				D659160C21317C2F0011F72B /* Assets.xcassets */,
				D659160E21317C2F0011F72B /* LaunchScreen.storyboard */,
				D659161121317C2F0011F72B /* Info.plist */,
				D659161721317C4B0011F72B /* XYZColor.swift */,
			);
			path = XYZColor;
			sourceTree = "<group>";
		};
/* End PBXGroup section */

/* Begin PBXNativeTarget section */
		D659160121317C2D0011F72B /* XYZColor */ = {
			isa = PBXNativeTarget;
			buildConfigurationList = D659161421317C2F0011F72B /* Build configuration list for PBXNativeTarget "XYZColor" */;
			buildPhases = (
				D65915FE21317C2D0011F72B /* Sources */,
				D65915FF21317C2D0011F72B /* Frameworks */,
				D659160021317C2D0011F72B /* Resources */,
			);
			buildRules = (
			);
			dependencies = (
			);
			name = XYZColor;
			productName = XYZColor;
			productReference = D659160221317C2D0011F72B /* XYZColor.app */;
			productType = "com.apple.product-type.application";
		};
/* End PBXNativeTarget section */

/* Begin PBXProject section */
		D65915FA21317C2D0011F72B /* Project object */ = {
			isa = PBXProject;
			attributes = {
				LastSwiftUpdateCheck = 0940;
				LastUpgradeCheck = 0940;
				ORGANIZATIONNAME = zhangqian;
				TargetAttributes = {
					D659160121317C2D0011F72B = {
						CreatedOnToolsVersion = 9.4.1;
					};
				};
			};
			buildConfigurationList = D65915FD21317C2D0011F72B /* Build configuration list for PBXProject "XYZColor" */;
			compatibilityVersion = "Xcode 9.3";
			developmentRegion = en;
			hasScannedForEncodings = 0;
			knownRegions = (
				en,
				Base,
			);
			mainGroup = D65915F921317C2D0011F72B;
			productRefGroup = D659160321317C2D0011F72B /* Products */;
			projectDirPath = "";
			projectRoot = "";
			targets = (
				D659160121317C2D0011F72B /* XYZColor */,
			);
		};
/* End PBXProject section */

/* Begin PBXResourcesBuildPhase section */
		D659160021317C2D0011F72B /* Resources */ = {
			isa = PBXResourcesBuildPhase;
			buildActionMask = 2147483647;
			files = (
				D659161021317C2F0011F72B /* LaunchScreen.storyboard in Resources */,
				D659160D21317C2F0011F72B /* Assets.xcassets in Resources */,
				D659161C21317C960011F72B /* README.md in Resources */,
				D659161B21317C960011F72B /* LICENSE in Resources */,
				D659160B21317C2D0011F72B /* Main.storyboard in Resources */,
				D659161E21317C990011F72B /* XYZColor.podspec in Resources */,
			);
			runOnlyForDeploymentPostprocessing = 0;
		};
/* End PBXResourcesBuildPhase section */

/* Begin PBXSourcesBuildPhase section */
		D65915FE21317C2D0011F72B /* Sources */ = {
			isa = PBXSourcesBuildPhase;
			buildActionMask = 2147483647;
			files = (
				D659160621317C2D0011F72B /* AppDelegate.swift in Sources */,
				D659161821317C4B0011F72B /* XYZColor.swift in Sources */,
			);
			runOnlyForDeploymentPostprocessing = 0;
		};
/* End PBXSourcesBuildPhase section */

/* Begin PBXVariantGroup section */
		D659160921317C2D0011F72B /* Main.storyboard */ = {
			isa = PBXVariantGroup;
			children = (
				D659160A21317C2D0011F72B /* Base */,
			);
			name = Main.storyboard;
			sourceTree = "<group>";
		};
		D659160E21317C2F0011F72B /* LaunchScreen.storyboard */ = {
			isa = PBXVariantGroup;
			children = (
				D659160F21317C2F0011F72B /* Base */,
			);
			name = LaunchScreen.storyboard;
			sourceTree = "<group>";
		};
/* End PBXVariantGroup section */

/* Begin XCBuildConfiguration section */
		D659161221317C2F0011F72B /* Debug */ = {
			isa = XCBuildConfiguration;
			buildSettings = {
				ALWAYS_SEARCH_USER_PATHS = NO;
				CLANG_ANALYZER_NONNULL = YES;
				CLANG_ANALYZER_NUMBER_OBJECT_CONVERSION = YES_AGGRESSIVE;
				CLANG_CXX_LANGUAGE_STANDARD = "gnu++14";
				CLANG_CXX_LIBRARY = "libc++";
				CLANG_ENABLE_MODULES = YES;
				CLANG_ENABLE_OBJC_ARC = YES;
				CLANG_ENABLE_OBJC_WEAK = YES;
				CLANG_WARN_BLOCK_CAPTURE_AUTORELEASING = YES;
				CLANG_WARN_BOOL_CONVERSION = YES;
				CLANG_WARN_COMMA = YES;
				CLANG_WARN_CONSTANT_CONVERSION = YES;
				CLANG_WARN_DEPRECATED_OBJC_IMPLEMENTATIONS = YES;
				CLANG_WARN_DIRECT_OBJC_ISA_USAGE = YES_ERROR;
				CLANG_WARN_DOCUMENTATION_COMMENTS = YES;
				CLANG_WARN_EMPTY_BODY = YES;
				CLANG_WARN_ENUM_CONVERSION = YES;
				CLANG_WARN_INFINITE_RECURSION = YES;
				CLANG_WARN_INT_CONVERSION = YES;
				CLANG_WARN_NON_LITERAL_NULL_CONVERSION = YES;
				CLANG_WARN_OBJC_IMPLICIT_RETAIN_SELF = YES;
				CLANG_WARN_OBJC_LITERAL_CONVERSION = YES;
				CLANG_WARN_OBJC_ROOT_CLASS = YES_ERROR;
				CLANG_WARN_RANGE_LOOP_ANALYSIS = YES;
				CLANG_WARN_STRICT_PROTOTYPES = YES;
				CLANG_WARN_SUSPICIOUS_MOVE = YES;
				CLANG_WARN_UNGUARDED_AVAILABILITY = YES_AGGRESSIVE;
				CLANG_WARN_UNREACHABLE_CODE = YES;
				CLANG_WARN__DUPLICATE_METHOD_MATCH = YES;
				CODE_SIGN_IDENTITY = "iPhone Developer";
				COPY_PHASE_STRIP = NO;
				DEBUG_INFORMATION_FORMAT = dwarf;
				ENABLE_STRICT_OBJC_MSGSEND = YES;
				ENABLE_TESTABILITY = YES;
				GCC_C_LANGUAGE_STANDARD = gnu11;
				GCC_DYNAMIC_NO_PIC = NO;
				GCC_NO_COMMON_BLOCKS = YES;
				GCC_OPTIMIZATION_LEVEL = 0;
				GCC_PREPROCESSOR_DEFINITIONS = (
					"DEBUG=1",
					"$(inherited)",
				);
				GCC_WARN_64_TO_32_BIT_CONVERSION = YES;
				GCC_WARN_ABOUT_RETURN_TYPE = YES_ERROR;
				GCC_WARN_UNDECLARED_SELECTOR = YES;
				GCC_WARN_UNINITIALIZED_AUTOS = YES_AGGRESSIVE;
				GCC_WARN_UNUSED_FUNCTION = YES;
				GCC_WARN_UNUSED_VARIABLE = YES;
				IPHONEOS_DEPLOYMENT_TARGET = 11.4;
				MTL_ENABLE_DEBUG_INFO = YES;
				ONLY_ACTIVE_ARCH = YES;
				SDKROOT = iphoneos;
				SWIFT_ACTIVE_COMPILATION_CONDITIONS = DEBUG;
				SWIFT_OPTIMIZATION_LEVEL = "-Onone";
			};
			name = Debug;
		};
		D659161321317C2F0011F72B /* Release */ = {
			isa = XCBuildConfiguration;
			buildSettings = {
				ALWAYS_SEARCH_USER_PATHS = NO;
				CLANG_ANALYZER_NONNULL = YES;
				CLANG_ANALYZER_NUMBER_OBJECT_CONVERSION = YES_AGGRESSIVE;
				CLANG_CXX_LANGUAGE_STANDARD = "gnu++14";
				CLANG_CXX_LIBRARY = "libc++";
				CLANG_ENABLE_MODULES = YES;
				CLANG_ENABLE_OBJC_ARC = YES;
				CLANG_ENABLE_OBJC_WEAK = YES;
				CLANG_WARN_BLOCK_CAPTURE_AUTORELEASING = YES;
				CLANG_WARN_BOOL_CONVERSION = YES;
				CLANG_WARN_COMMA = YES;
				CLANG_WARN_CONSTANT_CONVERSION = YES;
				CLANG_WARN_DEPRECATED_OBJC_IMPLEMENTATIONS = YES;
				CLANG_WARN_DIRECT_OBJC_ISA_USAGE = YES_ERROR;
				CLANG_WARN_DOCUMENTATION_COMMENTS = YES;
				CLANG_WARN_EMPTY_BODY = YES;
				CLANG_WARN_ENUM_CONVERSION = YES;
				CLANG_WARN_INFINITE_RECURSION = YES;
				CLANG_WARN_INT_CONVERSION = YES;
				CLANG_WARN_NON_LITERAL_NULL_CONVERSION = YES;
				CLANG_WARN_OBJC_IMPLICIT_RETAIN_SELF = YES;
				CLANG_WARN_OBJC_LITERAL_CONVERSION = YES;
				CLANG_WARN_OBJC_ROOT_CLASS = YES_ERROR;
				CLANG_WARN_RANGE_LOOP_ANALYSIS = YES;
				CLANG_WARN_STRICT_PROTOTYPES = YES;
				CLANG_WARN_SUSPICIOUS_MOVE = YES;
				CLANG_WARN_UNGUARDED_AVAILABILITY = YES_AGGRESSIVE;
				CLANG_WARN_UNREACHABLE_CODE = YES;
				CLANG_WARN__DUPLICATE_METHOD_MATCH = YES;
				CODE_SIGN_IDENTITY = "iPhone Developer";
				COPY_PHASE_STRIP = NO;
				DEBUG_INFORMATION_FORMAT = "dwarf-with-dsym";
				ENABLE_NS_ASSERTIONS = NO;
				ENABLE_STRICT_OBJC_MSGSEND = YES;
				GCC_C_LANGUAGE_STANDARD = gnu11;
				GCC_NO_COMMON_BLOCKS = YES;
				GCC_WARN_64_TO_32_BIT_CONVERSION = YES;
				GCC_WARN_ABOUT_RETURN_TYPE = YES_ERROR;
				GCC_WARN_UNDECLARED_SELECTOR = YES;
				GCC_WARN_UNINITIALIZED_AUTOS = YES_AGGRESSIVE;
				GCC_WARN_UNUSED_FUNCTION = YES;
				GCC_WARN_UNUSED_VARIABLE = YES;
				IPHONEOS_DEPLOYMENT_TARGET = 11.4;
				MTL_ENABLE_DEBUG_INFO = NO;
				SDKROOT = iphoneos;
				SWIFT_COMPILATION_MODE = wholemodule;
				SWIFT_OPTIMIZATION_LEVEL = "-O";
				VALIDATE_PRODUCT = YES;
			};
			name = Release;
		};
		D659161521317C2F0011F72B /* Debug */ = {
			isa = XCBuildConfiguration;
			buildSettings = {
				ASSETCATALOG_COMPILER_APPICON_NAME = AppIcon;
				CODE_SIGN_STYLE = Automatic;
				DEVELOPMENT_TEAM = E5VG453CHM;
				INFOPLIST_FILE = XYZColor/Info.plist;
				LD_RUNPATH_SEARCH_PATHS = (
					"$(inherited)",
					"@executable_path/Frameworks",
				);
				PRODUCT_BUNDLE_IDENTIFIER = com.zhangqian.XYZColor;
				PRODUCT_NAME = "$(TARGET_NAME)";
				SWIFT_VERSION = 4.0;
				TARGETED_DEVICE_FAMILY = "1,2";
			};
			name = Debug;
		};
		D659161621317C2F0011F72B /* Release */ = {
			isa = XCBuildConfiguration;
			buildSettings = {
				ASSETCATALOG_COMPILER_APPICON_NAME = AppIcon;
				CODE_SIGN_STYLE = Automatic;
				DEVELOPMENT_TEAM = E5VG453CHM;
				INFOPLIST_FILE = XYZColor/Info.plist;
				LD_RUNPATH_SEARCH_PATHS = (
					"$(inherited)",
					"@executable_path/Frameworks",
				);
				PRODUCT_BUNDLE_IDENTIFIER = com.zhangqian.XYZColor;
				PRODUCT_NAME = "$(TARGET_NAME)";
				SWIFT_VERSION = 4.0;
				TARGETED_DEVICE_FAMILY = "1,2";
			};
			name = Release;
		};
/* End XCBuildConfiguration section */

/* Begin XCConfigurationList section */
		D65915FD21317C2D0011F72B /* Build configuration list for PBXProject "XYZColor" */ = {
			isa = XCConfigurationList;
			buildConfigurations = (
				D659161221317C2F0011F72B /* Debug */,
				D659161321317C2F0011F72B /* Release */,
			);
			defaultConfigurationIsVisible = 0;
			defaultConfigurationName = Release;
		};
		D659161421317C2F0011F72B /* Build configuration list for PBXNativeTarget "XYZColor" */ = {
			isa = XCConfigurationList;
			buildConfigurations = (
				D659161521317C2F0011F72B /* Debug */,
				D659161621317C2F0011F72B /* Release */,
			);
			defaultConfigurationIsVisible = 0;
			defaultConfigurationName = Release;
		};
/* End XCConfigurationList section */
	};
	rootObject = D65915FA21317C2D0011F72B /* Project object */;
}
